
Microsoft Visual Studio Solution File, Format Version 12.00
# Visual Studio Version 16
VisualStudioVersion = 16.0.33529.622
MinimumVisualStudioVersion = 10.0.40219.1
Project("{FAE04EC0-301F-11D3-BF4B-00C04F79EFBC}") = "ENGrupMimarlikIsparta", "ENGrupMimarlikIsparta\ENGrupMimarlikIsparta.csproj", "{99FA4B26-AF94-4ACA-BC81-C4CC81279964}"
EndProject
Global
	GlobalSection(SolutionConfigurationPlatforms) = preSolution
		Debug|Any CPU = Debug|Any CPU
		Release|Any CPU = Release|Any CPU
	EndGlobalSection
	GlobalSection(ProjectConfigurationPlatforms) = postSolution
		{99FA4B26-AF94-4ACA-BC81-C4CC81279964}.Debug|Any CPU.ActiveCfg = Debug|Any CPU
		{99FA4B26-AF94-4ACA-BC81-C4CC81279964}.Debug|Any CPU.Build.0 = Debug|Any CPU
		{99FA4B26-AF94-4ACA-BC81-C4CC81279964}.Release|Any CPU.ActiveCfg = Release|Any CPU
		{99FA4B26-AF94-4ACA-BC81-C4CC81279964}.Release|Any CPU.Build.0 = Release|Any CPU
	EndGlobalSection
	GlobalSection(SolutionProperties) = preSolution
		HideSolutionNode = FALSE
	EndGlobalSection
	GlobalSection(ExtensibilityGlobals) = postSolution
		SolutionGuid = {783101B6-F28A-41CD-AD4D-E748B7971374}
	EndGlobalSection
EndGlobal
